{
  "name": "wave-logo-generator",
  "lockfileVersion": 3,
  "requires": true,
  "packages": {
    "": {
      "dependencies": {
        "lucide": "^0.323.0"
      }
    },
    "node_modules/lucide": {
      "version": "0.323.0",
      "resolved": "https://registry.npmjs.org/lucide/-/lucide-0.323.0.tgz",
      "integrity": "sha512-7LBupKOYKOIKvJ1vCAzwuDY4IVM57Z+KEQqeeXmIAQxUV33N76uI+ctITd8gnA1RMyUWpL1FmdoMpXf+seeGBA=="
    }
  }
}
